
Microsoft Visual Studio Solution File, Format Version 12.00
# Visual Studio 15
VisualStudioVersion = 15.0.28307.572
MinimumVisualStudioVersion = 10.0.40219.1
Project("{9A19103F-16F7-4668-BE54-9A1E7A4F7556}") = "StatementsTracker", "StatementsTracker\StatementsTracker.csproj", "{EC90DA8F-23C1-48D7-81CB-ACB1ACCD0615}"
EndProject
Project("{FAE04EC0-301F-11D3-BF4B-00C04F79EFBC}") = "StatementsTracker.Data", "StatementsTracker.Data\StatementsTracker.Data.csproj", "{BD4E0125-F4C6-420F-AC67-B92E424D7511}"
EndProject
Global
	GlobalSection(SolutionConfigurationPlatforms) = preSolution
		Debug|Any CPU = Debug|Any CPU
		Release|Any CPU = Release|Any CPU
	EndGlobalSection
	GlobalSection(ProjectConfigurationPlatforms) = postSolution
		{EC90DA8F-23C1-48D7-81CB-ACB1ACCD0615}.Debug|Any CPU.ActiveCfg = Debug|Any CPU
		{EC90DA8F-23C1-48D7-81CB-ACB1ACCD0615}.Debug|Any CPU.Build.0 = Debug|Any CPU
		{EC90DA8F-23C1-48D7-81CB-ACB1ACCD0615}.Release|Any CPU.ActiveCfg = Release|Any CPU
		{EC90DA8F-23C1-48D7-81CB-ACB1ACCD0615}.Release|Any CPU.Build.0 = Release|Any CPU
		{BD4E0125-F4C6-420F-AC67-B92E424D7511}.Debug|Any CPU.ActiveCfg = Debug|Any CPU
		{BD4E0125-F4C6-420F-AC67-B92E424D7511}.Debug|Any CPU.Build.0 = Debug|Any CPU
		{BD4E0125-F4C6-420F-AC67-B92E424D7511}.Release|Any CPU.ActiveCfg = Release|Any CPU
		{BD4E0125-F4C6-420F-AC67-B92E424D7511}.Release|Any CPU.Build.0 = Release|Any CPU
	EndGlobalSection
	GlobalSection(SolutionProperties) = preSolution
		HideSolutionNode = FALSE
	EndGlobalSection
	GlobalSection(ExtensibilityGlobals) = postSolution
		SolutionGuid = {0EBABFEC-00C5-4A62-809D-7C9C610CB877}
	EndGlobalSection
EndGlobal
